# This file is automatically @generated by Cargo.
# It is not intended for manual editing.
version = 3

[[package]]
name = "ahash"
version = "0.3.8"
source = "registry+https://github.com/rust-lang/crates.io-index"
checksum = "e8fd72866655d1904d6b0997d0b07ba561047d070fbe29de039031c641b61217"

[[package]]
name = "autocfg"
version = "1.1.0"
source = "registry+https://github.com/rust-lang/crates.io-index"
checksum = "d468802bab17cbc0cc575e9b053f41e72aa36bfa6b7f55e3529ffa43161b97fa"

[[package]]
name = "hashbrown"
version = "0.8.2"
source = "registry+https://github.com/rust-lang/crates.io-index"
checksum = "e91b62f79061a0bc2e046024cb7ba44b08419ed238ecbd9adbd787434b9e8c25"
dependencies = [
 "ahash",
 "autocfg",
]

[[package]]
name = "lasso"
version = "0.3.1"
source = "registry+https://github.com/rust-lang/crates.io-index"
checksum = "bf1a626ea51398f5acf36666c8046ff4bfd048aab88e92db676d2a6eac8805d0"
dependencies = [
 "hashbrown",
]

[[package]]
name = "proc-macro2"
version = "1.0.40"
source = "registry+https://github.com/rust-lang/crates.io-index"
checksum = "dd96a1e8ed2596c337f8eae5f24924ec83f5ad5ab21ea8e455d3566c69fbcaf7"
dependencies = [
 "unicode-ident",
]

[[package]]
name = "quote"
version = "1.0.20"
source = "registry+https://github.com/rust-lang/crates.io-index"
checksum = "3bcdf212e9776fbcb2d23ab029360416bb1706b1aea2d1a5ba002727cbcab804"
dependencies = [
 "proc-macro2",
]

[[package]]
name = "syn"
version = "1.0.98"
source = "registry+https://github.com/rust-lang/crates.io-index"
checksum = "c50aef8a904de4c23c788f104b7dddc7d6f79c647c7c8ce4cc8f73eb0ca773dd"
dependencies = [
 "proc-macro2",
 "quote",
 "unicode-ident",
]

[[package]]
name = "tailcall"
version = "0.1.6"
source = "registry+https://github.com/rust-lang/crates.io-index"
checksum = "5dba98caa9aca07267bd461b1eb45ad05a43836a7a0635f702b9e77e4349e938"
dependencies = [
 "tailcall-impl",
]

[[package]]
name = "tailcall-impl"
version = "0.1.6"
source = "registry+https://github.com/rust-lang/crates.io-index"
checksum = "96e4fec8dea6e415377ba44c8e03602a140b1f45c243da2c83726420888a6335"
dependencies = [
 "proc-macro2",
 "quote",
 "syn",
]

[[package]]
name = "tc"
version = "0.1.0"
dependencies = [
 "lasso",
 "tailcall",
]

[[package]]
name = "unicode-ident"
version = "1.0.2"
source = "registry+https://github.com/rust-lang/crates.io-index"
checksum = "15c61ba63f9235225a22310255a29b806b907c9b8c964bcbd0a2c70f3f2deea7"
